
Microsoft Visual Studio Solution File, Format Version 12.00
# Visual Studio Version 17
VisualStudioVersion = 17.4.33205.214
MinimumVisualStudioVersion = 10.0.40219.1
Project("{9A19103F-16F7-4668-BE54-9A1E7A4F7556}") = "Server", "CleintServer\Server.csproj", "{FBDC7477-2AAC-4868-970B-AC27A6C0822E}"
EndProject
Project("{9A19103F-16F7-4668-BE54-9A1E7A4F7556}") = "Client", "..\Client\Client.csproj", "{A1224A04-EDE7-4F23-B3B7-CC7C8CDD43E3}"
EndProject
Global
	GlobalSection(SolutionConfigurationPlatforms) = preSolution
		Debug|Any CPU = Debug|Any CPU
		Release|Any CPU = Release|Any CPU
	EndGlobalSection
	GlobalSection(ProjectConfigurationPlatforms) = postSolution
		{FBDC7477-2AAC-4868-970B-AC27A6C0822E}.Debug|Any CPU.ActiveCfg = Debug|Any CPU
		{FBDC7477-2AAC-4868-970B-AC27A6C0822E}.Debug|Any CPU.Build.0 = Debug|Any CPU
		{FBDC7477-2AAC-4868-970B-AC27A6C0822E}.Release|Any CPU.ActiveCfg = Release|Any CPU
		{FBDC7477-2AAC-4868-970B-AC27A6C0822E}.Release|Any CPU.Build.0 = Release|Any CPU
		{A1224A04-EDE7-4F23-B3B7-CC7C8CDD43E3}.Debug|Any CPU.ActiveCfg = Debug|Any CPU
		{A1224A04-EDE7-4F23-B3B7-CC7C8CDD43E3}.Debug|Any CPU.Build.0 = Debug|Any CPU
		{A1224A04-EDE7-4F23-B3B7-CC7C8CDD43E3}.Release|Any CPU.ActiveCfg = Release|Any CPU
		{A1224A04-EDE7-4F23-B3B7-CC7C8CDD43E3}.Release|Any CPU.Build.0 = Release|Any CPU
	EndGlobalSection
	GlobalSection(SolutionProperties) = preSolution
		HideSolutionNode = FALSE
	EndGlobalSection
	GlobalSection(ExtensibilityGlobals) = postSolution
		SolutionGuid = {C8DAB508-2F59-4C42-B609-9313C8148F89}
	EndGlobalSection
EndGlobal
